{
  "name": "hf-demo",
  "lockfileVersion": 3,
  "requires": true,
  "packages": {
    "": {
      "dependencies": {
        "@huggingface/inference": "^4.13.4"
      }
    },
    "node_modules/@huggingface/inference": {
      "version": "4.13.4",
      "resolved": "https://registry.npmjs.org/@huggingface/inference/-/inference-4.13.4.tgz",
      "integrity": "sha512-1G6jBDYLAZw7oNrJdMp+0/CafeoNaCLzrDd9fYSX3nhjzMuyWIPZ/MtP5EwXdC0htlFPx+R6JGqPhctAalQO+w==",
      "license": "MIT",
      "dependencies": {
        "@huggingface/jinja": "^0.5.1",
        "@huggingface/tasks": "^0.19.65"
      },
      "engines": {
        "node": ">=18"
      }
    },
    "node_modules/@huggingface/jinja": {
      "version": "0.5.2",
      "resolved": "https://registry.npmjs.org/@huggingface/jinja/-/jinja-0.5.2.tgz",
      "integrity": "sha512-3KxqfOSYtHDsq6HglCH4BDHGXXHMS7ZHUHpxVGswa4l8ycCCExDR2E4nDlTo9LCa6bxp03ywf/mAIVEsO1Ov1w==",
      "license": "MIT",
      "engines": {
        "node": ">=18"
      }
    },
    "node_modules/@huggingface/tasks": {
      "version": "0.19.65",
      "resolved": "https://registry.npmjs.org/@huggingface/tasks/-/tasks-0.19.65.tgz",
      "integrity": "sha512-ecP5bMLwZRKsln6IhTkicIt8Wzn7cYquKYBkJe7K2qkIvvnhzT32wf9dvvFjRqv+cDzdVxOLEdT0DUkVzGiV5A==",
      "license": "MIT"
    }
  }
}
