{
  "name": "hf-demo",
  "version": "1.0.0",
  "description": "Hugging Face API Demo with Sentiment Analysis and Summarization",
  "main": "server-sdk.js",
  "scripts": {
    "start": "node server-sdk.js"
  },
  "dependencies": {
    "@huggingface/inference": "^2.6.4"
  },
  "engines": {
    "node": ">=18.0.0"
  }
}